// !$*UTF8*$!
{
	archiveVersion = 1;
	classes = {
	};
	objectVersion = 56;
	objects = {

/* Begin PBXBuildFile section */
		767E31912B8D26C800B4C935 /* AbsenceItem.swift in Sources */ = {isa = PBXBuildFile; fileRef = 767E31902B8D26C800B4C935 /* AbsenceItem.swift */; };
		767E31932B8D273D00B4C935 /* Absence.swift in Sources */ = {isa = PBXBuildFile; fileRef = 767E31922B8D273D00B4C935 /* Absence.swift */; };
		767E31952B8D276500B4C935 /* StudentAbsence.swift in Sources */ = {isa = PBXBuildFile; fileRef = 767E31942B8D276500B4C935 /* StudentAbsence.swift */; };
		76C07D902B9118170068B074 /* FileManager.swift in Sources */ = {isa = PBXBuildFile; fileRef = 76C07D8F2B9118170068B074 /* FileManager.swift */; };
		76C07D922B912DFD0068B074 /* StateController.swift in Sources */ = {isa = PBXBuildFile; fileRef = 76C07D912B912DFD0068B074 /* StateController.swift */; };
		76EA98422B84B8D400F099EB /* AbsenceRecorderApp.swift in Sources */ = {isa = PBXBuildFile; fileRef = 76EA98412B84B8D400F099EB /* AbsenceRecorderApp.swift */; };
		76EA98462B84B8D500F099EB /* Assets.xcassets in Resources */ = {isa = PBXBuildFile; fileRef = 76EA98452B84B8D500F099EB /* Assets.xcassets */; };
		76EA98492B84B8D500F099EB /* Preview Assets.xcassets in Resources */ = {isa = PBXBuildFile; fileRef = 76EA98482B84B8D500F099EB /* Preview Assets.xcassets */; };
		76EA98512B84BA7200F099EB /* Date.swift in Sources */ = {isa = PBXBuildFile; fileRef = 76EA98502B84BA7200F099EB /* Date.swift */; };
		76EA98542B84BB7800F099EB /* Division.swift in Sources */ = {isa = PBXBuildFile; fileRef = 76EA98532B84BB7800F099EB /* Division.swift */; };
		76EA98562B84BC9300F099EB /* Student.swift in Sources */ = {isa = PBXBuildFile; fileRef = 76EA98552B84BC9300F099EB /* Student.swift */; };
		76EA985B2B84BD4800F099EB /* DivisionsView.swift in Sources */ = {isa = PBXBuildFile; fileRef = 76EA985A2B84BD4800F099EB /* DivisionsView.swift */; };
		76EA985F2B84BE2900F099EB /* RootTabView.swift in Sources */ = {isa = PBXBuildFile; fileRef = 76EA985E2B84BE2900F099EB /* RootTabView.swift */; };
		76EA98612B84BE8D00F099EB /* StatisticsView.swift in Sources */ = {isa = PBXBuildFile; fileRef = 76EA98602B84BE8D00F099EB /* StatisticsView.swift */; };
		76EA98632B84BF0B00F099EB /* AbsenceView.swift in Sources */ = {isa = PBXBuildFile; fileRef = 76EA98622B84BF0B00F099EB /* AbsenceView.swift */; };
		76EA98652B84BF6900F099EB /* DivisionItem.swift in Sources */ = {isa = PBXBuildFile; fileRef = 76EA98642B84BF6900F099EB /* DivisionItem.swift */; };
/* End PBXBuildFile section */

/* Begin PBXFileReference section */
		767E31902B8D26C800B4C935 /* AbsenceItem.swift */ = {isa = PBXFileReference; lastKnownFileType = sourcecode.swift; path = AbsenceItem.swift; sourceTree = "<group>"; };
		767E31922B8D273D00B4C935 /* Absence.swift */ = {isa = PBXFileReference; lastKnownFileType = sourcecode.swift; path = Absence.swift; sourceTree = "<group>"; };
		767E31942B8D276500B4C935 /* StudentAbsence.swift */ = {isa = PBXFileReference; lastKnownFileType = sourcecode.swift; path = StudentAbsence.swift; sourceTree = "<group>"; };
		76C07D8F2B9118170068B074 /* FileManager.swift */ = {isa = PBXFileReference; lastKnownFileType = sourcecode.swift; path = FileManager.swift; sourceTree = "<group>"; };
		76C07D912B912DFD0068B074 /* StateController.swift */ = {isa = PBXFileReference; lastKnownFileType = sourcecode.swift; path = StateController.swift; sourceTree = "<group>"; };
		76EA983E2B84B8D400F099EB /* AbsenceRecorder.app */ = {isa = PBXFileReference; explicitFileType = wrapper.application; includeInIndex = 0; path = AbsenceRecorder.app; sourceTree = BUILT_PRODUCTS_DIR; };
		76EA98412B84B8D400F099EB /* AbsenceRecorderApp.swift */ = {isa = PBXFileReference; lastKnownFileType = sourcecode.swift; path = AbsenceRecorderApp.swift; sourceTree = "<group>"; };
		76EA98452B84B8D500F099EB /* Assets.xcassets */ = {isa = PBXFileReference; lastKnownFileType = folder.assetcatalog; path = Assets.xcassets; sourceTree = "<group>"; };
		76EA98482B84B8D500F099EB /* Preview Assets.xcassets */ = {isa = PBXFileReference; lastKnownFileType = folder.assetcatalog; path = "Preview Assets.xcassets"; sourceTree = "<group>"; };
		76EA98502B84BA7200F099EB /* Date.swift */ = {isa = PBXFileReference; lastKnownFileType = sourcecode.swift; path = Date.swift; sourceTree = "<group>"; };
		76EA98532B84BB7800F099EB /* Division.swift */ = {isa = PBXFileReference; lastKnownFileType = sourcecode.swift; path = Division.swift; sourceTree = "<group>"; };
		76EA98552B84BC9300F099EB /* Student.swift */ = {isa = PBXFileReference; lastKnownFileType = sourcecode.swift; path = Student.swift; sourceTree = "<group>"; };
		76EA985A2B84BD4800F099EB /* DivisionsView.swift */ = {isa = PBXFileReference; lastKnownFileType = sourcecode.swift; path = DivisionsView.swift; sourceTree = "<group>"; };
		76EA985E2B84BE2900F099EB /* RootTabView.swift */ = {isa = PBXFileReference; lastKnownFileType = sourcecode.swift; path = RootTabView.swift; sourceTree = "<group>"; };
		76EA98602B84BE8D00F099EB /* StatisticsView.swift */ = {isa = PBXFileReference; lastKnownFileType = sourcecode.swift; path = StatisticsView.swift; sourceTree = "<group>"; };
		76EA98622B84BF0B00F099EB /* AbsenceView.swift */ = {isa = PBXFileReference; lastKnownFileType = sourcecode.swift; path = AbsenceView.swift; sourceTree = "<group>"; };
		76EA98642B84BF6900F099EB /* DivisionItem.swift */ = {isa = PBXFileReference; lastKnownFileType = sourcecode.swift; path = DivisionItem.swift; sourceTree = "<group>"; };
/* End PBXFileReference section */

/* Begin PBXFrameworksBuildPhase section */
		76EA983B2B84B8D400F099EB /* Frameworks */ = {
			isa = PBXFrameworksBuildPhase;
			buildActionMask = 2147483647;
			files = (
			);
			runOnlyForDeploymentPostprocessing = 0;
		};
/* End PBXFrameworksBuildPhase section */

/* Begin PBXGroup section */
		76EA98352B84B8D400F099EB = {
			isa = PBXGroup;
			children = (
				76EA98402B84B8D400F099EB /* AbsenceRecorder */,
				76EA983F2B84B8D400F099EB /* Products */,
			);
			sourceTree = "<group>";
		};
		76EA983F2B84B8D400F099EB /* Products */ = {
			isa = PBXGroup;
			children = (
				76EA983E2B84B8D400F099EB /* AbsenceRecorder.app */,
			);
			name = Products;
			sourceTree = "<group>";
		};
		76EA98402B84B8D400F099EB /* AbsenceRecorder */ = {
			isa = PBXGroup;
			children = (
				76EA98572B84BCF200F099EB /* View */,
				76EA98522B84BB0700F099EB /* Model */,
				76EA984F2B84BA5500F099EB /* Extensions */,
				76EA98412B84B8D400F099EB /* AbsenceRecorderApp.swift */,
				76C07D912B912DFD0068B074 /* StateController.swift */,
				76EA98452B84B8D500F099EB /* Assets.xcassets */,
				76EA98472B84B8D500F099EB /* Preview Content */,
			);
			path = AbsenceRecorder;
			sourceTree = "<group>";
		};
		76EA98472B84B8D500F099EB /* Preview Content */ = {
			isa = PBXGroup;
			children = (
				76EA98482B84B8D500F099EB /* Preview Assets.xcassets */,
			);
			path = "Preview Content";
			sourceTree = "<group>";
		};
		76EA984F2B84BA5500F099EB /* Extensions */ = {
			isa = PBXGroup;
			children = (
				76EA98502B84BA7200F099EB /* Date.swift */,
				76C07D8F2B9118170068B074 /* FileManager.swift */,
			);
			path = Extensions;
			sourceTree = "<group>";
		};
		76EA98522B84BB0700F099EB /* Model */ = {
			isa = PBXGroup;
			children = (
				76EA98532B84BB7800F099EB /* Division.swift */,
				76EA98552B84BC9300F099EB /* Student.swift */,
				767E31922B8D273D00B4C935 /* Absence.swift */,
				767E31942B8D276500B4C935 /* StudentAbsence.swift */,
			);
			path = Model;
			sourceTree = "<group>";
		};
		76EA98572B84BCF200F099EB /* View */ = {
			isa = PBXGroup;
			children = (
				76EA985A2B84BD4800F099EB /* DivisionsView.swift */,
				76EA985E2B84BE2900F099EB /* RootTabView.swift */,
				76EA98602B84BE8D00F099EB /* StatisticsView.swift */,
				76EA98622B84BF0B00F099EB /* AbsenceView.swift */,
				76EA98642B84BF6900F099EB /* DivisionItem.swift */,
				767E31902B8D26C800B4C935 /* AbsenceItem.swift */,
			);
			path = View;
			sourceTree = "<group>";
		};
/* End PBXGroup section */

/* Begin PBXNativeTarget section */
		76EA983D2B84B8D400F099EB /* AbsenceRecorder */ = {
			isa = PBXNativeTarget;
			buildConfigurationList = 76EA984C2B84B8D500F099EB /* Build configuration list for PBXNativeTarget "AbsenceRecorder" */;
			buildPhases = (
				76EA983A2B84B8D400F099EB /* Sources */,
				76EA983B2B84B8D400F099EB /* Frameworks */,
				76EA983C2B84B8D400F099EB /* Resources */,
			);
			buildRules = (
			);
			dependencies = (
			);
			name = AbsenceRecorder;
			productName = AbsenceRecorder;
			productReference = 76EA983E2B84B8D400F099EB /* AbsenceRecorder.app */;
			productType = "com.apple.product-type.application";
		};
/* End PBXNativeTarget section */

/* Begin PBXProject section */
		76EA98362B84B8D400F099EB /* Project object */ = {
			isa = PBXProject;
			attributes = {
				BuildIndependentTargetsInParallel = 1;
				LastSwiftUpdateCheck = 1430;
				LastUpgradeCheck = 1430;
				TargetAttributes = {
					76EA983D2B84B8D400F099EB = {
						CreatedOnToolsVersion = 14.3.1;
					};
				};
			};
			buildConfigurationList = 76EA98392B84B8D400F099EB /* Build configuration list for PBXProject "AbsenceRecorder" */;
			compatibilityVersion = "Xcode 14.0";
			developmentRegion = en;
			hasScannedForEncodings = 0;
			knownRegions = (
				en,
				Base,
			);
			mainGroup = 76EA98352B84B8D400F099EB;
			productRefGroup = 76EA983F2B84B8D400F099EB /* Products */;
			projectDirPath = "";
			projectRoot = "";
			targets = (
				76EA983D2B84B8D400F099EB /* AbsenceRecorder */,
			);
		};
/* End PBXProject section */

/* Begin PBXResourcesBuildPhase section */
		76EA983C2B84B8D400F099EB /* Resources */ = {
			isa = PBXResourcesBuildPhase;
			buildActionMask = 2147483647;
			files = (
				76EA98492B84B8D500F099EB /* Preview Assets.xcassets in Resources */,
				76EA98462B84B8D500F099EB /* Assets.xcassets in Resources */,
			);
			runOnlyForDeploymentPostprocessing = 0;
		};
/* End PBXResourcesBuildPhase section */

/* Begin PBXSourcesBuildPhase section */
		76EA983A2B84B8D400F099EB /* Sources */ = {
			isa = PBXSourcesBuildPhase;
			buildActionMask = 2147483647;
			files = (
				76EA98632B84BF0B00F099EB /* AbsenceView.swift in Sources */,
				76C07D922B912DFD0068B074 /* StateController.swift in Sources */,
				76EA98512B84BA7200F099EB /* Date.swift in Sources */,
				76EA98542B84BB7800F099EB /* Division.swift in Sources */,
				767E31952B8D276500B4C935 /* StudentAbsence.swift in Sources */,
				76EA985B2B84BD4800F099EB /* DivisionsView.swift in Sources */,
				76EA98612B84BE8D00F099EB /* StatisticsView.swift in Sources */,
				76EA98562B84BC9300F099EB /* Student.swift in Sources */,
				767E31912B8D26C800B4C935 /* AbsenceItem.swift in Sources */,
				76C07D902B9118170068B074 /* FileManager.swift in Sources */,
				76EA985F2B84BE2900F099EB /* RootTabView.swift in Sources */,
				76EA98422B84B8D400F099EB /* AbsenceRecorderApp.swift in Sources */,
				76EA98652B84BF6900F099EB /* DivisionItem.swift in Sources */,
				767E31932B8D273D00B4C935 /* Absence.swift in Sources */,
			);
			runOnlyForDeploymentPostprocessing = 0;
		};
/* End PBXSourcesBuildPhase section */

/* Begin XCBuildConfiguration section */
		76EA984A2B84B8D500F099EB /* Debug */ = {
			isa = XCBuildConfiguration;
			buildSettings = {
				ALWAYS_SEARCH_USER_PATHS = NO;
				CLANG_ANALYZER_NONNULL = YES;
				CLANG_ANALYZER_NUMBER_OBJECT_CONVERSION = YES_AGGRESSIVE;
				CLANG_CXX_LANGUAGE_STANDARD = "gnu++20";
				CLANG_ENABLE_MODULES = YES;
				CLANG_ENABLE_OBJC_ARC = YES;
				CLANG_ENABLE_OBJC_WEAK = YES;
				CLANG_WARN_BLOCK_CAPTURE_AUTORELEASING = YES;
				CLANG_WARN_BOOL_CONVERSION = YES;
				CLANG_WARN_COMMA = YES;
				CLANG_WARN_CONSTANT_CONVERSION = YES;
				CLANG_WARN_DEPRECATED_OBJC_IMPLEMENTATIONS = YES;
				CLANG_WARN_DIRECT_OBJC_ISA_USAGE = YES_ERROR;
				CLANG_WARN_DOCUMENTATION_COMMENTS = YES;
				CLANG_WARN_EMPTY_BODY = YES;
				CLANG_WARN_ENUM_CONVERSION = YES;
				CLANG_WARN_INFINITE_RECURSION = YES;
				CLANG_WARN_INT_CONVERSION = YES;
				CLANG_WARN_NON_LITERAL_NULL_CONVERSION = YES;
				CLANG_WARN_OBJC_IMPLICIT_RETAIN_SELF = YES;
				CLANG_WARN_OBJC_LITERAL_CONVERSION = YES;
				CLANG_WARN_OBJC_ROOT_CLASS = YES_ERROR;
				CLANG_WARN_QUOTED_INCLUDE_IN_FRAMEWORK_HEADER = YES;
				CLANG_WARN_RANGE_LOOP_ANALYSIS = YES;
				CLANG_WARN_STRICT_PROTOTYPES = YES;
				CLANG_WARN_SUSPICIOUS_MOVE = YES;
				CLANG_WARN_UNGUARDED_AVAILABILITY = YES_AGGRESSIVE;
				CLANG_WARN_UNREACHABLE_CODE = YES;
				CLANG_WARN__DUPLICATE_METHOD_MATCH = YES;
				COPY_PHASE_STRIP = NO;
				DEBUG_INFORMATION_FORMAT = dwarf;
				ENABLE_STRICT_OBJC_MSGSEND = YES;
				ENABLE_TESTABILITY = YES;
				GCC_C_LANGUAGE_STANDARD = gnu11;
				GCC_DYNAMIC_NO_PIC = NO;
				GCC_NO_COMMON_BLOCKS = YES;
				GCC_OPTIMIZATION_LEVEL = 0;
				GCC_PREPROCESSOR_DEFINITIONS = (
					"DEBUG=1",
					"$(inherited)",
				);
				GCC_WARN_64_TO_32_BIT_CONVERSION = YES;
				GCC_WARN_ABOUT_RETURN_TYPE = YES_ERROR;
				GCC_WARN_UNDECLARED_SELECTOR = YES;
				GCC_WARN_UNINITIALIZED_AUTOS = YES_AGGRESSIVE;
				GCC_WARN_UNUSED_FUNCTION = YES;
				GCC_WARN_UNUSED_VARIABLE = YES;
				IPHONEOS_DEPLOYMENT_TARGET = 16.4;
				MTL_ENABLE_DEBUG_INFO = INCLUDE_SOURCE;
				MTL_FAST_MATH = YES;
				ONLY_ACTIVE_ARCH = YES;
				SDKROOT = iphoneos;
				SWIFT_ACTIVE_COMPILATION_CONDITIONS = DEBUG;
				SWIFT_OPTIMIZATION_LEVEL = "-Onone";
			};
			name = Debug;
		};
		76EA984B2B84B8D500F099EB /* Release */ = {
			isa = XCBuildConfiguration;
			buildSettings = {
				ALWAYS_SEARCH_USER_PATHS = NO;
				CLANG_ANALYZER_NONNULL = YES;
				CLANG_ANALYZER_NUMBER_OBJECT_CONVERSION = YES_AGGRESSIVE;
				CLANG_CXX_LANGUAGE_STANDARD = "gnu++20";
				CLANG_ENABLE_MODULES = YES;
				CLANG_ENABLE_OBJC_ARC = YES;
				CLANG_ENABLE_OBJC_WEAK = YES;
				CLANG_WARN_BLOCK_CAPTURE_AUTORELEASING = YES;
				CLANG_WARN_BOOL_CONVERSION = YES;
				CLANG_WARN_COMMA = YES;
				CLANG_WARN_CONSTANT_CONVERSION = YES;
				CLANG_WARN_DEPRECATED_OBJC_IMPLEMENTATIONS = YES;
				CLANG_WARN_DIRECT_OBJC_ISA_USAGE = YES_ERROR;
				CLANG_WARN_DOCUMENTATION_COMMENTS = YES;
				CLANG_WARN_EMPTY_BODY = YES;
				CLANG_WARN_ENUM_CONVERSION = YES;
				CLANG_WARN_INFINITE_RECURSION = YES;
				CLANG_WARN_INT_CONVERSION = YES;
				CLANG_WARN_NON_LITERAL_NULL_CONVERSION = YES;
				CLANG_WARN_OBJC_IMPLICIT_RETAIN_SELF = YES;
				CLANG_WARN_OBJC_LITERAL_CONVERSION = YES;
				CLANG_WARN_OBJC_ROOT_CLASS = YES_ERROR;
				CLANG_WARN_QUOTED_INCLUDE_IN_FRAMEWORK_HEADER = YES;
				CLANG_WARN_RANGE_LOOP_ANALYSIS = YES;
				CLANG_WARN_STRICT_PROTOTYPES = YES;
				CLANG_WARN_SUSPICIOUS_MOVE = YES;
				CLANG_WARN_UNGUARDED_AVAILABILITY = YES_AGGRESSIVE;
				CLANG_WARN_UNREACHABLE_CODE = YES;
				CLANG_WARN__DUPLICATE_METHOD_MATCH = YES;
				COPY_PHASE_STRIP = NO;
				DEBUG_INFORMATION_FORMAT = "dwarf-with-dsym";
				ENABLE_NS_ASSERTIONS = NO;
				ENABLE_STRICT_OBJC_MSGSEND = YES;
				GCC_C_LANGUAGE_STANDARD = gnu11;
				GCC_NO_COMMON_BLOCKS = YES;
				GCC_WARN_64_TO_32_BIT_CONVERSION = YES;
				GCC_WARN_ABOUT_RETURN_TYPE = YES_ERROR;
				GCC_WARN_UNDECLARED_SELECTOR = YES;
				GCC_WARN_UNINITIALIZED_AUTOS = YES_AGGRESSIVE;
				GCC_WARN_UNUSED_FUNCTION = YES;
				GCC_WARN_UNUSED_VARIABLE = YES;
				IPHONEOS_DEPLOYMENT_TARGET = 16.4;
				MTL_ENABLE_DEBUG_INFO = NO;
				MTL_FAST_MATH = YES;
				SDKROOT = iphoneos;
				SWIFT_COMPILATION_MODE = wholemodule;
				SWIFT_OPTIMIZATION_LEVEL = "-O";
				VALIDATE_PRODUCT = YES;
			};
			name = Release;
		};
		76EA984D2B84B8D500F099EB /* Debug */ = {
			isa = XCBuildConfiguration;
			buildSettings = {
				ASSETCATALOG_COMPILER_APPICON_NAME = AppIcon;
				ASSETCATALOG_COMPILER_GLOBAL_ACCENT_COLOR_NAME = AccentColor;
				CODE_SIGN_STYLE = Automatic;
				CURRENT_PROJECT_VERSION = 1;
				DEVELOPMENT_ASSET_PATHS = "\"AbsenceRecorder/Preview Content\"";
				ENABLE_PREVIEWS = YES;
				GENERATE_INFOPLIST_FILE = YES;
				INFOPLIST_KEY_UIApplicationSceneManifest_Generation = YES;
				INFOPLIST_KEY_UIApplicationSupportsIndirectInputEvents = YES;
				INFOPLIST_KEY_UILaunchScreen_Generation = YES;
				INFOPLIST_KEY_UISupportedInterfaceOrientations_iPad = "UIInterfaceOrientationPortrait UIInterfaceOrientationPortraitUpsideDown UIInterfaceOrientationLandscapeLeft UIInterfaceOrientationLandscapeRight";
				INFOPLIST_KEY_UISupportedInterfaceOrientations_iPhone = "UIInterfaceOrientationPortrait UIInterfaceOrientationLandscapeLeft UIInterfaceOrientationLandscapeRight";
				LD_RUNPATH_SEARCH_PATHS = (
					"$(inherited)",
					"@executable_path/Frameworks",
				);
				MARKETING_VERSION = 1.0;
				PRODUCT_BUNDLE_IDENTIFIER = com.finnianphelan.AbsenceRecorder;
				PRODUCT_NAME = "$(TARGET_NAME)";
				SWIFT_EMIT_LOC_STRINGS = YES;
				SWIFT_VERSION = 5.0;
				TARGETED_DEVICE_FAMILY = "1,2";
			};
			name = Debug;
		};
		76EA984E2B84B8D500F099EB /* Release */ = {
			isa = XCBuildConfiguration;
			buildSettings = {
				ASSETCATALOG_COMPILER_APPICON_NAME = AppIcon;
				ASSETCATALOG_COMPILER_GLOBAL_ACCENT_COLOR_NAME = AccentColor;
				CODE_SIGN_STYLE = Automatic;
				CURRENT_PROJECT_VERSION = 1;
				DEVELOPMENT_ASSET_PATHS = "\"AbsenceRecorder/Preview Content\"";
				ENABLE_PREVIEWS = YES;
				GENERATE_INFOPLIST_FILE = YES;
				INFOPLIST_KEY_UIApplicationSceneManifest_Generation = YES;
				INFOPLIST_KEY_UIApplicationSupportsIndirectInputEvents = YES;
				INFOPLIST_KEY_UILaunchScreen_Generation = YES;
				INFOPLIST_KEY_UISupportedInterfaceOrientations_iPad = "UIInterfaceOrientationPortrait UIInterfaceOrientationPortraitUpsideDown UIInterfaceOrientationLandscapeLeft UIInterfaceOrientationLandscapeRight";
				INFOPLIST_KEY_UISupportedInterfaceOrientations_iPhone = "UIInterfaceOrientationPortrait UIInterfaceOrientationLandscapeLeft UIInterfaceOrientationLandscapeRight";
				LD_RUNPATH_SEARCH_PATHS = (
					"$(inherited)",
					"@executable_path/Frameworks",
				);
				MARKETING_VERSION = 1.0;
				PRODUCT_BUNDLE_IDENTIFIER = com.finnianphelan.AbsenceRecorder;
				PRODUCT_NAME = "$(TARGET_NAME)";
				SWIFT_EMIT_LOC_STRINGS = YES;
				SWIFT_VERSION = 5.0;
				TARGETED_DEVICE_FAMILY = "1,2";
			};
			name = Release;
		};
/* End XCBuildConfiguration section */

/* Begin XCConfigurationList section */
		76EA98392B84B8D400F099EB /* Build configuration list for PBXProject "AbsenceRecorder" */ = {
			isa = XCConfigurationList;
			buildConfigurations = (
				76EA984A2B84B8D500F099EB /* Debug */,
				76EA984B2B84B8D500F099EB /* Release */,
			);
			defaultConfigurationIsVisible = 0;
			defaultConfigurationName = Release;
		};
		76EA984C2B84B8D500F099EB /* Build configuration list for PBXNativeTarget "AbsenceRecorder" */ = {
			isa = XCConfigurationList;
			buildConfigurations = (
				76EA984D2B84B8D500F099EB /* Debug */,
				76EA984E2B84B8D500F099EB /* Release */,
			);
			defaultConfigurationIsVisible = 0;
			defaultConfigurationName = Release;
		};
/* End XCConfigurationList section */
	};
	rootObject = 76EA98362B84B8D400F099EB /* Project object */;
}
